
Microsoft Visual Studio Solution File, Format Version 12.00
# Visual Studio Version 16
VisualStudioVersion = 16.0.31205.134
MinimumVisualStudioVersion = 10.0.40219.1
Project("{FAE04EC0-301F-11D3-BF4B-00C04F79EFBC}") = "Calculadora3", "Calculadora3\Calculadora3.csproj", "{BD3F731A-4796-45FB-BDDA-6951B0D432FB}"
EndProject
Global
	GlobalSection(SolutionConfigurationPlatforms) = preSolution
		Debug|Any CPU = Debug|Any CPU
		Release|Any CPU = Release|Any CPU
	EndGlobalSection
	GlobalSection(ProjectConfigurationPlatforms) = postSolution
		{BD3F731A-4796-45FB-BDDA-6951B0D432FB}.Debug|Any CPU.ActiveCfg = Debug|Any CPU
		{BD3F731A-4796-45FB-BDDA-6951B0D432FB}.Debug|Any CPU.Build.0 = Debug|Any CPU
		{BD3F731A-4796-45FB-BDDA-6951B0D432FB}.Release|Any CPU.ActiveCfg = Release|Any CPU
		{BD3F731A-4796-45FB-BDDA-6951B0D432FB}.Release|Any CPU.Build.0 = Release|Any CPU
	EndGlobalSection
	GlobalSection(SolutionProperties) = preSolution
		HideSolutionNode = FALSE
	EndGlobalSection
	GlobalSection(ExtensibilityGlobals) = postSolution
		SolutionGuid = {433980D8-81F1-421C-879F-5166842F0E9F}
	EndGlobalSection
EndGlobal
