
Microsoft Visual Studio Solution File, Format Version 12.00
# Visual Studio Version 16
VisualStudioVersion = 16.0.31205.134
MinimumVisualStudioVersion = 10.0.40219.1
Project("{FAE04EC0-301F-11D3-BF4B-00C04F79EFBC}") = "PracticeForm1.Presentacion", "PracticeForm1.Presentacion\PracticeForm1.Presentacion.csproj", "{1007C486-0406-4955-92F3-D87D4CFB46BB}"
EndProject
Project("{FAE04EC0-301F-11D3-BF4B-00C04F79EFBC}") = "Entidades", "Entidades\Entidades.csproj", "{35BE18D2-F05A-47F7-9B64-9D26FEC84D4C}"
EndProject
Project("{FAE04EC0-301F-11D3-BF4B-00C04F79EFBC}") = "Negocio", "Negocio\Negocio.csproj", "{9A75CDAB-207C-4910-B282-1A9F48E7E6CD}"
EndProject
Global
	GlobalSection(SolutionConfigurationPlatforms) = preSolution
		Debug|Any CPU = Debug|Any CPU
		Release|Any CPU = Release|Any CPU
	EndGlobalSection
	GlobalSection(ProjectConfigurationPlatforms) = postSolution
		{1007C486-0406-4955-92F3-D87D4CFB46BB}.Debug|Any CPU.ActiveCfg = Debug|Any CPU
		{1007C486-0406-4955-92F3-D87D4CFB46BB}.Debug|Any CPU.Build.0 = Debug|Any CPU
		{1007C486-0406-4955-92F3-D87D4CFB46BB}.Release|Any CPU.ActiveCfg = Release|Any CPU
		{1007C486-0406-4955-92F3-D87D4CFB46BB}.Release|Any CPU.Build.0 = Release|Any CPU
		{35BE18D2-F05A-47F7-9B64-9D26FEC84D4C}.Debug|Any CPU.ActiveCfg = Debug|Any CPU
		{35BE18D2-F05A-47F7-9B64-9D26FEC84D4C}.Debug|Any CPU.Build.0 = Debug|Any CPU
		{35BE18D2-F05A-47F7-9B64-9D26FEC84D4C}.Release|Any CPU.ActiveCfg = Release|Any CPU
		{35BE18D2-F05A-47F7-9B64-9D26FEC84D4C}.Release|Any CPU.Build.0 = Release|Any CPU
		{9A75CDAB-207C-4910-B282-1A9F48E7E6CD}.Debug|Any CPU.ActiveCfg = Debug|Any CPU
		{9A75CDAB-207C-4910-B282-1A9F48E7E6CD}.Debug|Any CPU.Build.0 = Debug|Any CPU
		{9A75CDAB-207C-4910-B282-1A9F48E7E6CD}.Release|Any CPU.ActiveCfg = Release|Any CPU
		{9A75CDAB-207C-4910-B282-1A9F48E7E6CD}.Release|Any CPU.Build.0 = Release|Any CPU
	EndGlobalSection
	GlobalSection(SolutionProperties) = preSolution
		HideSolutionNode = FALSE
	EndGlobalSection
	GlobalSection(ExtensibilityGlobals) = postSolution
		SolutionGuid = {F4579FA3-F3EB-4F2A-8925-B673F9D299F5}
	EndGlobalSection
EndGlobal
