
Microsoft Visual Studio Solution File, Format Version 12.00
# Visual Studio Version 16
VisualStudioVersion = 16.0.31205.134
MinimumVisualStudioVersion = 10.0.40219.1
Project("{FAE04EC0-301F-11D3-BF4B-00C04F79EFBC}") = "Calculadora2.Form", "Calculadora2.Form\Calculadora2.Form.csproj", "{B30DAEC4-18F3-439D-AFB2-A513B03206FB}"
EndProject
Global
	GlobalSection(SolutionConfigurationPlatforms) = preSolution
		Debug|Any CPU = Debug|Any CPU
		Release|Any CPU = Release|Any CPU
	EndGlobalSection
	GlobalSection(ProjectConfigurationPlatforms) = postSolution
		{B30DAEC4-18F3-439D-AFB2-A513B03206FB}.Debug|Any CPU.ActiveCfg = Debug|Any CPU
		{B30DAEC4-18F3-439D-AFB2-A513B03206FB}.Debug|Any CPU.Build.0 = Debug|Any CPU
		{B30DAEC4-18F3-439D-AFB2-A513B03206FB}.Release|Any CPU.ActiveCfg = Release|Any CPU
		{B30DAEC4-18F3-439D-AFB2-A513B03206FB}.Release|Any CPU.Build.0 = Release|Any CPU
	EndGlobalSection
	GlobalSection(SolutionProperties) = preSolution
		HideSolutionNode = FALSE
	EndGlobalSection
	GlobalSection(ExtensibilityGlobals) = postSolution
		SolutionGuid = {48F43729-A428-47E5-AA2E-97247D7F7FC5}
	EndGlobalSection
EndGlobal
