
Microsoft Visual Studio Solution File, Format Version 12.00
# Visual Studio Version 16
VisualStudioVersion = 16.0.31205.134
MinimumVisualStudioVersion = 10.0.40219.1
Project("{FAE04EC0-301F-11D3-BF4B-00C04F79EFBC}") = "Indumentaria.Consola", "Indumentaria.Consola\Indumentaria.Consola.csproj", "{B7E115E0-82FF-453F-A623-C497A9521A55}"
EndProject
Project("{FAE04EC0-301F-11D3-BF4B-00C04F79EFBC}") = "Libreria", "Libreria\Libreria.csproj", "{E12C8098-B924-4B02-93A4-01BD3ECB35AE}"
EndProject
Global
	GlobalSection(SolutionConfigurationPlatforms) = preSolution
		Debug|Any CPU = Debug|Any CPU
		Release|Any CPU = Release|Any CPU
	EndGlobalSection
	GlobalSection(ProjectConfigurationPlatforms) = postSolution
		{B7E115E0-82FF-453F-A623-C497A9521A55}.Debug|Any CPU.ActiveCfg = Debug|Any CPU
		{B7E115E0-82FF-453F-A623-C497A9521A55}.Debug|Any CPU.Build.0 = Debug|Any CPU
		{B7E115E0-82FF-453F-A623-C497A9521A55}.Release|Any CPU.ActiveCfg = Release|Any CPU
		{B7E115E0-82FF-453F-A623-C497A9521A55}.Release|Any CPU.Build.0 = Release|Any CPU
		{E12C8098-B924-4B02-93A4-01BD3ECB35AE}.Debug|Any CPU.ActiveCfg = Debug|Any CPU
		{E12C8098-B924-4B02-93A4-01BD3ECB35AE}.Debug|Any CPU.Build.0 = Debug|Any CPU
		{E12C8098-B924-4B02-93A4-01BD3ECB35AE}.Release|Any CPU.ActiveCfg = Release|Any CPU
		{E12C8098-B924-4B02-93A4-01BD3ECB35AE}.Release|Any CPU.Build.0 = Release|Any CPU
	EndGlobalSection
	GlobalSection(SolutionProperties) = preSolution
		HideSolutionNode = FALSE
	EndGlobalSection
	GlobalSection(ExtensibilityGlobals) = postSolution
		SolutionGuid = {72BA01F4-E4AA-4A24-A4EE-019722DEF177}
	EndGlobalSection
EndGlobal
